// !$*UTF8*$!
{
	archiveVersion = 1;
	classes = {
	};
	objectVersion = 51;
	objects = {

/* Begin PBXBuildFile section */
		15613BFC238E96C500D83534 /* APIRequest.swift in Sources */ = {isa = PBXBuildFile; fileRef = 15613BFB238E96C500D83534 /* APIRequest.swift */; };
		15613C00238ECC2A00D83534 /* CollectionViewCell.swift in Sources */ = {isa = PBXBuildFile; fileRef = 15613BFF238ECC2A00D83534 /* CollectionViewCell.swift */; };
		1561EFCB2392CC0E00FBEF39 /* Track.swift in Sources */ = {isa = PBXBuildFile; fileRef = 1561EFCA2392CC0E00FBEF39 /* Track.swift */; };
		157D4C2A239684CB00278869 /* Favorites_Track+CoreDataClass.swift in Sources */ = {isa = PBXBuildFile; fileRef = 157D4C28239684CB00278869 /* Favorites_Track+CoreDataClass.swift */; };
		157D4C2B239684CB00278869 /* Favorites_Track+CoreDataProperties.swift in Sources */ = {isa = PBXBuildFile; fileRef = 157D4C29239684CB00278869 /* Favorites_Track+CoreDataProperties.swift */; };
		157D4C2D2396B16B00278869 /* Favorites.storyboard in Resources */ = {isa = PBXBuildFile; fileRef = 157D4C2C2396B16B00278869 /* Favorites.storyboard */; };
		157D4C302396D4A400278869 /* FavoritesTableViewCell.swift in Sources */ = {isa = PBXBuildFile; fileRef = 157D4C2F2396D4A400278869 /* FavoritesTableViewCell.swift */; };
		15E8454C239D1EC80084B400 /* RecommendedCollectionViewCell.swift in Sources */ = {isa = PBXBuildFile; fileRef = 15E8454B239D1EC80084B400 /* RecommendedCollectionViewCell.swift */; };
		15E8454E239D2DE70084B400 /* Recommendation.swift in Sources */ = {isa = PBXBuildFile; fileRef = 15E8454D239D2DE70084B400 /* Recommendation.swift */; };
		179F6AAEAD39466F82BA9071 /* Pods_audiotaste.framework in Frameworks */ = {isa = PBXBuildFile; fileRef = E9B1B25A8032C38386F6D749 /* Pods_audiotaste.framework */; };
		9DFC8F725BFFD06433CE9CB7 /* Pods_audiotaste_audiotasteUITests.framework in Frameworks */ = {isa = PBXBuildFile; fileRef = C89D8E6C6ED3509317BB8113 /* Pods_audiotaste_audiotasteUITests.framework */; };
		CD3085DF49D007990C7DCBD3 /* Pods_audiotasteTests.framework in Frameworks */ = {isa = PBXBuildFile; fileRef = 533BB6631CDE62D217D46E06 /* Pods_audiotasteTests.framework */; };
		FF40E352235F1F9E00CDE31F /* AppDelegate.swift in Sources */ = {isa = PBXBuildFile; fileRef = FF40E351235F1F9E00CDE31F /* AppDelegate.swift */; };
		FF40E354235F1F9E00CDE31F /* SceneDelegate.swift in Sources */ = {isa = PBXBuildFile; fileRef = FF40E353235F1F9E00CDE31F /* SceneDelegate.swift */; };
		FF40E356235F1F9E00CDE31F /* ViewController.swift in Sources */ = {isa = PBXBuildFile; fileRef = FF40E355235F1F9E00CDE31F /* ViewController.swift */; };
		FF40E359235F1F9E00CDE31F /* Main.storyboard in Resources */ = {isa = PBXBuildFile; fileRef = FF40E357235F1F9E00CDE31F /* Main.storyboard */; };
		FF40E35C235F1F9E00CDE31F /* audiotaste.xcdatamodeld in Sources */ = {isa = PBXBuildFile; fileRef = FF40E35A235F1F9E00CDE31F /* audiotaste.xcdatamodeld */; };
		FF40E35E235F1FA000CDE31F /* Assets.xcassets in Resources */ = {isa = PBXBuildFile; fileRef = FF40E35D235F1FA000CDE31F /* Assets.xcassets */; };
		FF40E361235F1FA000CDE31F /* LaunchScreen.storyboard in Resources */ = {isa = PBXBuildFile; fileRef = FF40E35F235F1FA000CDE31F /* LaunchScreen.storyboard */; };
		FF40E36C235F1FA000CDE31F /* audiotasteTests.swift in Sources */ = {isa = PBXBuildFile; fileRef = FF40E36B235F1FA000CDE31F /* audiotasteTests.swift */; };
		FF40E377235F1FA000CDE31F /* audiotasteUITests.swift in Sources */ = {isa = PBXBuildFile; fileRef = FF40E376235F1FA000CDE31F /* audiotasteUITests.swift */; };
		FF40E387235F2B0900CDE31F /* ToplistViewController.swift in Sources */ = {isa = PBXBuildFile; fileRef = FF40E386235F2B0900CDE31F /* ToplistViewController.swift */; };
		FF48C055235F39D800D408F5 /* Toplist.storyboard in Resources */ = {isa = PBXBuildFile; fileRef = FF48C054235F39D800D408F5 /* Toplist.storyboard */; };
		FF48C058235F39ED00D408F5 /* Search.storyboard in Resources */ = {isa = PBXBuildFile; fileRef = FF48C056235F39ED00D408F5 /* Search.storyboard */; };
		FF48C05C235F3AA000D408F5 /* SearchViewController.swift in Sources */ = {isa = PBXBuildFile; fileRef = FF48C05B235F3AA000D408F5 /* SearchViewController.swift */; };
		FF48C05E235F3AC300D408F5 /* FavoritesViewController.swift in Sources */ = {isa = PBXBuildFile; fileRef = FF48C05D235F3AC300D408F5 /* FavoritesViewController.swift */; };
		FF48C060235F40E600D408F5 /* Album.swift in Sources */ = {isa = PBXBuildFile; fileRef = FF48C05F235F40E600D408F5 /* Album.swift */; };
		FFAC3D1B2365D2A500F56685 /* TableViewCell.swift in Sources */ = {isa = PBXBuildFile; fileRef = FFAC3D1A2365D2A500F56685 /* TableViewCell.swift */; };
		FFAC3D1D2366FC1B00F56685 /* DetailViewController.swift in Sources */ = {isa = PBXBuildFile; fileRef = FFAC3D1C2366FC1B00F56685 /* DetailViewController.swift */; };
		FFAC3D1F2367067000F56685 /* DetailViewTableViewCell.swift in Sources */ = {isa = PBXBuildFile; fileRef = FFAC3D1E2367067000F56685 /* DetailViewTableViewCell.swift */; };
/* End PBXBuildFile section */

/* Begin PBXContainerItemProxy section */
		FF40E368235F1FA000CDE31F /* PBXContainerItemProxy */ = {
			isa = PBXContainerItemProxy;
			containerPortal = FF40E346235F1F9E00CDE31F /* Project object */;
			proxyType = 1;
			remoteGlobalIDString = FF40E34D235F1F9E00CDE31F;
			remoteInfo = audiotaste;
		};
		FF40E373235F1FA000CDE31F /* PBXContainerItemProxy */ = {
			isa = PBXContainerItemProxy;
			containerPortal = FF40E346235F1F9E00CDE31F /* Project object */;
			proxyType = 1;
			remoteGlobalIDString = FF40E34D235F1F9E00CDE31F;
			remoteInfo = audiotaste;
		};
/* End PBXContainerItemProxy section */

/* Begin PBXFileReference section */
		04CC3993D645DD1D3AA9B815 /* Pods-audiotaste.release.xcconfig */ = {isa = PBXFileReference; includeInIndex = 1; lastKnownFileType = text.xcconfig; name = "Pods-audiotaste.release.xcconfig"; path = "Target Support Files/Pods-audiotaste/Pods-audiotaste.release.xcconfig"; sourceTree = "<group>"; };
		15613BFB238E96C500D83534 /* APIRequest.swift */ = {isa = PBXFileReference; lastKnownFileType = sourcecode.swift; path = APIRequest.swift; sourceTree = "<group>"; };
		15613BFF238ECC2A00D83534 /* CollectionViewCell.swift */ = {isa = PBXFileReference; lastKnownFileType = sourcecode.swift; path = CollectionViewCell.swift; sourceTree = "<group>"; };
		1561EFCA2392CC0E00FBEF39 /* Track.swift */ = {isa = PBXFileReference; lastKnownFileType = sourcecode.swift; path = Track.swift; sourceTree = "<group>"; };
		157D4C28239684CB00278869 /* Favorites_Track+CoreDataClass.swift */ = {isa = PBXFileReference; lastKnownFileType = sourcecode.swift; path = "Favorites_Track+CoreDataClass.swift"; sourceTree = "<group>"; };
		157D4C29239684CB00278869 /* Favorites_Track+CoreDataProperties.swift */ = {isa = PBXFileReference; lastKnownFileType = sourcecode.swift; path = "Favorites_Track+CoreDataProperties.swift"; sourceTree = "<group>"; };
		157D4C2C2396B16B00278869 /* Favorites.storyboard */ = {isa = PBXFileReference; fileEncoding = 4; lastKnownFileType = file.storyboard; name = Favorites.storyboard; path = ../../../../../.Trash/Favorites.storyboard; sourceTree = "<group>"; };
		157D4C2F2396D4A400278869 /* FavoritesTableViewCell.swift */ = {isa = PBXFileReference; lastKnownFileType = sourcecode.swift; path = FavoritesTableViewCell.swift; sourceTree = "<group>"; };
		15E8454B239D1EC80084B400 /* RecommendedCollectionViewCell.swift */ = {isa = PBXFileReference; lastKnownFileType = sourcecode.swift; path = RecommendedCollectionViewCell.swift; sourceTree = "<group>"; };
		15E8454D239D2DE70084B400 /* Recommendation.swift */ = {isa = PBXFileReference; lastKnownFileType = sourcecode.swift; path = Recommendation.swift; sourceTree = "<group>"; };
		1B43BAAC14F109256CA87500 /* Pods-audiotaste-audiotasteUITests.debug.xcconfig */ = {isa = PBXFileReference; includeInIndex = 1; lastKnownFileType = text.xcconfig; name = "Pods-audiotaste-audiotasteUITests.debug.xcconfig"; path = "Target Support Files/Pods-audiotaste-audiotasteUITests/Pods-audiotaste-audiotasteUITests.debug.xcconfig"; sourceTree = "<group>"; };
		533BB6631CDE62D217D46E06 /* Pods_audiotasteTests.framework */ = {isa = PBXFileReference; explicitFileType = wrapper.framework; includeInIndex = 0; path = Pods_audiotasteTests.framework; sourceTree = BUILT_PRODUCTS_DIR; };
		62DFBCB8400D91D51A3EF057 /* Pods-audiotasteTests.release.xcconfig */ = {isa = PBXFileReference; includeInIndex = 1; lastKnownFileType = text.xcconfig; name = "Pods-audiotasteTests.release.xcconfig"; path = "Target Support Files/Pods-audiotasteTests/Pods-audiotasteTests.release.xcconfig"; sourceTree = "<group>"; };
		6B32315AEE9223D016E41A07 /* Pods-audiotaste.debug.xcconfig */ = {isa = PBXFileReference; includeInIndex = 1; lastKnownFileType = text.xcconfig; name = "Pods-audiotaste.debug.xcconfig"; path = "Target Support Files/Pods-audiotaste/Pods-audiotaste.debug.xcconfig"; sourceTree = "<group>"; };
		71C7F9BB2CCF457F06CFFB10 /* Pods-audiotasteTests.debug.xcconfig */ = {isa = PBXFileReference; includeInIndex = 1; lastKnownFileType = text.xcconfig; name = "Pods-audiotasteTests.debug.xcconfig"; path = "Target Support Files/Pods-audiotasteTests/Pods-audiotasteTests.debug.xcconfig"; sourceTree = "<group>"; };
		C89D8E6C6ED3509317BB8113 /* Pods_audiotaste_audiotasteUITests.framework */ = {isa = PBXFileReference; explicitFileType = wrapper.framework; includeInIndex = 0; path = Pods_audiotaste_audiotasteUITests.framework; sourceTree = BUILT_PRODUCTS_DIR; };
		DD68BC309F663B5917360C0E /* Pods-audiotaste-audiotasteUITests.release.xcconfig */ = {isa = PBXFileReference; includeInIndex = 1; lastKnownFileType = text.xcconfig; name = "Pods-audiotaste-audiotasteUITests.release.xcconfig"; path = "Target Support Files/Pods-audiotaste-audiotasteUITests/Pods-audiotaste-audiotasteUITests.release.xcconfig"; sourceTree = "<group>"; };
		E9B1B25A8032C38386F6D749 /* Pods_audiotaste.framework */ = {isa = PBXFileReference; explicitFileType = wrapper.framework; includeInIndex = 0; path = Pods_audiotaste.framework; sourceTree = BUILT_PRODUCTS_DIR; };
		FF40E34E235F1F9E00CDE31F /* audiotaste.app */ = {isa = PBXFileReference; explicitFileType = wrapper.application; includeInIndex = 0; path = audiotaste.app; sourceTree = BUILT_PRODUCTS_DIR; };
		FF40E351235F1F9E00CDE31F /* AppDelegate.swift */ = {isa = PBXFileReference; lastKnownFileType = sourcecode.swift; path = AppDelegate.swift; sourceTree = "<group>"; };
		FF40E353235F1F9E00CDE31F /* SceneDelegate.swift */ = {isa = PBXFileReference; lastKnownFileType = sourcecode.swift; path = SceneDelegate.swift; sourceTree = "<group>"; };
		FF40E355235F1F9E00CDE31F /* ViewController.swift */ = {isa = PBXFileReference; lastKnownFileType = sourcecode.swift; path = ViewController.swift; sourceTree = "<group>"; };
		FF40E358235F1F9E00CDE31F /* Base */ = {isa = PBXFileReference; lastKnownFileType = file.storyboard; name = Base; path = Base.lproj/Main.storyboard; sourceTree = "<group>"; };
		FF40E35B235F1F9E00CDE31F /* audiotaste.xcdatamodel */ = {isa = PBXFileReference; lastKnownFileType = wrapper.xcdatamodel; path = audiotaste.xcdatamodel; sourceTree = "<group>"; };
		FF40E35D235F1FA000CDE31F /* Assets.xcassets */ = {isa = PBXFileReference; lastKnownFileType = folder.assetcatalog; path = Assets.xcassets; sourceTree = "<group>"; };
		FF40E360235F1FA000CDE31F /* Base */ = {isa = PBXFileReference; lastKnownFileType = file.storyboard; name = Base; path = Base.lproj/LaunchScreen.storyboard; sourceTree = "<group>"; };
		FF40E362235F1FA000CDE31F /* Info.plist */ = {isa = PBXFileReference; lastKnownFileType = text.plist.xml; path = Info.plist; sourceTree = "<group>"; };
		FF40E367235F1FA000CDE31F /* audiotasteTests.xctest */ = {isa = PBXFileReference; explicitFileType = wrapper.cfbundle; includeInIndex = 0; path = audiotasteTests.xctest; sourceTree = BUILT_PRODUCTS_DIR; };
		FF40E36B235F1FA000CDE31F /* audiotasteTests.swift */ = {isa = PBXFileReference; lastKnownFileType = sourcecode.swift; path = audiotasteTests.swift; sourceTree = "<group>"; };
		FF40E36D235F1FA000CDE31F /* Info.plist */ = {isa = PBXFileReference; lastKnownFileType = text.plist.xml; path = Info.plist; sourceTree = "<group>"; };
		FF40E372235F1FA000CDE31F /* audiotasteUITests.xctest */ = {isa = PBXFileReference; explicitFileType = wrapper.cfbundle; includeInIndex = 0; path = audiotasteUITests.xctest; sourceTree = BUILT_PRODUCTS_DIR; };
		FF40E376235F1FA000CDE31F /* audiotasteUITests.swift */ = {isa = PBXFileReference; lastKnownFileType = sourcecode.swift; path = audiotasteUITests.swift; sourceTree = "<group>"; };
		FF40E378235F1FA000CDE31F /* Info.plist */ = {isa = PBXFileReference; lastKnownFileType = text.plist.xml; path = Info.plist; sourceTree = "<group>"; };
		FF40E386235F2B0900CDE31F /* ToplistViewController.swift */ = {isa = PBXFileReference; lastKnownFileType = sourcecode.swift; path = ToplistViewController.swift; sourceTree = "<group>"; };
		FF48C054235F39D800D408F5 /* Toplist.storyboard */ = {isa = PBXFileReference; fileEncoding = 4; lastKnownFileType = file.storyboard; path = Toplist.storyboard; sourceTree = "<group>"; };
		FF48C057235F39ED00D408F5 /* Base */ = {isa = PBXFileReference; lastKnownFileType = file.storyboard; name = Base; path = audiotaste/Base.lproj/Search.storyboard; sourceTree = "<group>"; };
		FF48C05B235F3AA000D408F5 /* SearchViewController.swift */ = {isa = PBXFileReference; lastKnownFileType = sourcecode.swift; path = SearchViewController.swift; sourceTree = "<group>"; };
		FF48C05D235F3AC300D408F5 /* FavoritesViewController.swift */ = {isa = PBXFileReference; lastKnownFileType = sourcecode.swift; path = FavoritesViewController.swift; sourceTree = "<group>"; };
		FF48C05F235F40E600D408F5 /* Album.swift */ = {isa = PBXFileReference; lastKnownFileType = sourcecode.swift; path = Album.swift; sourceTree = "<group>"; };
		FFAC3D1A2365D2A500F56685 /* TableViewCell.swift */ = {isa = PBXFileReference; lastKnownFileType = sourcecode.swift; path = TableViewCell.swift; sourceTree = "<group>"; };
		FFAC3D1C2366FC1B00F56685 /* DetailViewController.swift */ = {isa = PBXFileReference; lastKnownFileType = sourcecode.swift; path = DetailViewController.swift; sourceTree = "<group>"; };
		FFAC3D1E2367067000F56685 /* DetailViewTableViewCell.swift */ = {isa = PBXFileReference; lastKnownFileType = sourcecode.swift; path = DetailViewTableViewCell.swift; sourceTree = "<group>"; };
/* End PBXFileReference section */

/* Begin PBXFrameworksBuildPhase section */
		FF40E34B235F1F9E00CDE31F /* Frameworks */ = {
			isa = PBXFrameworksBuildPhase;
			buildActionMask = 2147483647;
			files = (
				179F6AAEAD39466F82BA9071 /* Pods_audiotaste.framework in Frameworks */,
			);
			runOnlyForDeploymentPostprocessing = 0;
		};
		FF40E364235F1FA000CDE31F /* Frameworks */ = {
			isa = PBXFrameworksBuildPhase;
			buildActionMask = 2147483647;
			files = (
				CD3085DF49D007990C7DCBD3 /* Pods_audiotasteTests.framework in Frameworks */,
			);
			runOnlyForDeploymentPostprocessing = 0;
		};
		FF40E36F235F1FA000CDE31F /* Frameworks */ = {
			isa = PBXFrameworksBuildPhase;
			buildActionMask = 2147483647;
			files = (
				9DFC8F725BFFD06433CE9CB7 /* Pods_audiotaste_audiotasteUITests.framework in Frameworks */,
			);
			runOnlyForDeploymentPostprocessing = 0;
		};
/* End PBXFrameworksBuildPhase section */

/* Begin PBXGroup section */
		15613BFA238E960900D83534 /* Networking */ = {
			isa = PBXGroup;
			children = (
				15613BFB238E96C500D83534 /* APIRequest.swift */,
			);
			path = Networking;
			sourceTree = "<group>";
		};
		157D4C212396844D00278869 /* Core Data */ = {
			isa = PBXGroup;
			children = (
				157D4C28239684CB00278869 /* Favorites_Track+CoreDataClass.swift */,
				157D4C29239684CB00278869 /* Favorites_Track+CoreDataProperties.swift */,
			);
			path = "Core Data";
			sourceTree = "<group>";
		};
		609B72D0E26082ABC761195D /* Pods */ = {
			isa = PBXGroup;
			children = (
				6B32315AEE9223D016E41A07 /* Pods-audiotaste.debug.xcconfig */,
				04CC3993D645DD1D3AA9B815 /* Pods-audiotaste.release.xcconfig */,
				1B43BAAC14F109256CA87500 /* Pods-audiotaste-audiotasteUITests.debug.xcconfig */,
				DD68BC309F663B5917360C0E /* Pods-audiotaste-audiotasteUITests.release.xcconfig */,
				71C7F9BB2CCF457F06CFFB10 /* Pods-audiotasteTests.debug.xcconfig */,
				62DFBCB8400D91D51A3EF057 /* Pods-audiotasteTests.release.xcconfig */,
			);
			path = Pods;
			sourceTree = "<group>";
		};
		7325FEBDF7C64243FCA112CC /* Frameworks */ = {
			isa = PBXGroup;
			children = (
				E9B1B25A8032C38386F6D749 /* Pods_audiotaste.framework */,
				C89D8E6C6ED3509317BB8113 /* Pods_audiotaste_audiotasteUITests.framework */,
				533BB6631CDE62D217D46E06 /* Pods_audiotasteTests.framework */,
			);
			name = Frameworks;
			sourceTree = "<group>";
		};
		FF40E345235F1F9E00CDE31F = {
			isa = PBXGroup;
			children = (
				FF40E350235F1F9E00CDE31F /* audiotaste */,
				FF40E36A235F1FA000CDE31F /* audiotasteTests */,
				FF40E375235F1FA000CDE31F /* audiotasteUITests */,
				FF40E34F235F1F9E00CDE31F /* Products */,
				609B72D0E26082ABC761195D /* Pods */,
				7325FEBDF7C64243FCA112CC /* Frameworks */,
			);
			sourceTree = "<group>";
		};
		FF40E34F235F1F9E00CDE31F /* Products */ = {
			isa = PBXGroup;
			children = (
				FF40E34E235F1F9E00CDE31F /* audiotaste.app */,
				FF40E367235F1FA000CDE31F /* audiotasteTests.xctest */,
				FF40E372235F1FA000CDE31F /* audiotasteUITests.xctest */,
			);
			name = Products;
			sourceTree = "<group>";
		};
		FF40E350235F1F9E00CDE31F /* audiotaste */ = {
			isa = PBXGroup;
			children = (
				157D4C212396844D00278869 /* Core Data */,
				15613BFA238E960900D83534 /* Networking */,
				FFAC3D192365D28F00F56685 /* Cells */,
				FF40E38A235F343D00CDE31F /* Storyboards */,
				FF40E385235F204100CDE31F /* Controllers */,
				FF40E384235F203700CDE31F /* Structs */,
				FF40E351235F1F9E00CDE31F /* AppDelegate.swift */,
				FF40E353235F1F9E00CDE31F /* SceneDelegate.swift */,
				FF40E355235F1F9E00CDE31F /* ViewController.swift */,
				FF40E357235F1F9E00CDE31F /* Main.storyboard */,
				FF40E35D235F1FA000CDE31F /* Assets.xcassets */,
				FF40E35F235F1FA000CDE31F /* LaunchScreen.storyboard */,
				FF40E362235F1FA000CDE31F /* Info.plist */,
				FF40E35A235F1F9E00CDE31F /* audiotaste.xcdatamodeld */,
			);
			path = audiotaste;
			sourceTree = "<group>";
		};
		FF40E36A235F1FA000CDE31F /* audiotasteTests */ = {
			isa = PBXGroup;
			children = (
				FF40E36B235F1FA000CDE31F /* audiotasteTests.swift */,
				FF40E36D235F1FA000CDE31F /* Info.plist */,
			);
			path = audiotasteTests;
			sourceTree = "<group>";
		};
		FF40E375235F1FA000CDE31F /* audiotasteUITests */ = {
			isa = PBXGroup;
			children = (
				FF40E376235F1FA000CDE31F /* audiotasteUITests.swift */,
				FF40E378235F1FA000CDE31F /* Info.plist */,
			);
			path = audiotasteUITests;
			sourceTree = "<group>";
		};
		FF40E384235F203700CDE31F /* Structs */ = {
			isa = PBXGroup;
			children = (
				FF48C05F235F40E600D408F5 /* Album.swift */,
				1561EFCA2392CC0E00FBEF39 /* Track.swift */,
				15E8454D239D2DE70084B400 /* Recommendation.swift */,
			);
			path = Structs;
			sourceTree = "<group>";
		};
		FF40E385235F204100CDE31F /* Controllers */ = {
			isa = PBXGroup;
			children = (
				FF40E386235F2B0900CDE31F /* ToplistViewController.swift */,
				FF48C05B235F3AA000D408F5 /* SearchViewController.swift */,
				FF48C05D235F3AC300D408F5 /* FavoritesViewController.swift */,
				FFAC3D1C2366FC1B00F56685 /* DetailViewController.swift */,
			);
			path = Controllers;
			sourceTree = "<group>";
		};
		FF40E38A235F343D00CDE31F /* Storyboards */ = {
			isa = PBXGroup;
			children = (
				157D4C2C2396B16B00278869 /* Favorites.storyboard */,
				FF48C056235F39ED00D408F5 /* Search.storyboard */,
				FF48C054235F39D800D408F5 /* Toplist.storyboard */,
			);
			path = Storyboards;
			sourceTree = "<group>";
		};
		FFAC3D192365D28F00F56685 /* Cells */ = {
			isa = PBXGroup;
			children = (
				FFAC3D1A2365D2A500F56685 /* TableViewCell.swift */,
				FFAC3D1E2367067000F56685 /* DetailViewTableViewCell.swift */,
				15613BFF238ECC2A00D83534 /* CollectionViewCell.swift */,
				157D4C2F2396D4A400278869 /* FavoritesTableViewCell.swift */,
				15E8454B239D1EC80084B400 /* RecommendedCollectionViewCell.swift */,
			);
			path = Cells;
			sourceTree = "<group>";
		};
/* End PBXGroup section */

/* Begin PBXNativeTarget section */
		FF40E34D235F1F9E00CDE31F /* audiotaste */ = {
			isa = PBXNativeTarget;
			buildConfigurationList = FF40E37B235F1FA000CDE31F /* Build configuration list for PBXNativeTarget "audiotaste" */;
			buildPhases = (
				0884BB1EB202171BC6300280 /* [CP] Check Pods Manifest.lock */,
				FF40E34A235F1F9E00CDE31F /* Sources */,
				FF40E34B235F1F9E00CDE31F /* Frameworks */,
				FF40E34C235F1F9E00CDE31F /* Resources */,
				46615A49D4576A34D220E7C0 /* [CP] Embed Pods Frameworks */,
			);
			buildRules = (
			);
			dependencies = (
			);
			name = audiotaste;
			productName = audiotaste;
			productReference = FF40E34E235F1F9E00CDE31F /* audiotaste.app */;
			productType = "com.apple.product-type.application";
		};
		FF40E366235F1FA000CDE31F /* audiotasteTests */ = {
			isa = PBXNativeTarget;
			buildConfigurationList = FF40E37E235F1FA000CDE31F /* Build configuration list for PBXNativeTarget "audiotasteTests" */;
			buildPhases = (
				BD2C097048540738A9B207FA /* [CP] Check Pods Manifest.lock */,
				FF40E363235F1FA000CDE31F /* Sources */,
				FF40E364235F1FA000CDE31F /* Frameworks */,
				FF40E365235F1FA000CDE31F /* Resources */,
			);
			buildRules = (
			);
			dependencies = (
				FF40E369235F1FA000CDE31F /* PBXTargetDependency */,
			);
			name = audiotasteTests;
			productName = audiotasteTests;
			productReference = FF40E367235F1FA000CDE31F /* audiotasteTests.xctest */;
			productType = "com.apple.product-type.bundle.unit-test";
		};
		FF40E371235F1FA000CDE31F /* audiotasteUITests */ = {
			isa = PBXNativeTarget;
			buildConfigurationList = FF40E381235F1FA000CDE31F /* Build configuration list for PBXNativeTarget "audiotasteUITests" */;
			buildPhases = (
				B84B09029AF49B0F90ED7F1A /* [CP] Check Pods Manifest.lock */,
				FF40E36E235F1FA000CDE31F /* Sources */,
				FF40E36F235F1FA000CDE31F /* Frameworks */,
				FF40E370235F1FA000CDE31F /* Resources */,
				79D39A127B00448112A19AAF /* [CP] Embed Pods Frameworks */,
			);
			buildRules = (
			);
			dependencies = (
				FF40E374235F1FA000CDE31F /* PBXTargetDependency */,
			);
			name = audiotasteUITests;
			productName = audiotasteUITests;
			productReference = FF40E372235F1FA000CDE31F /* audiotasteUITests.xctest */;
			productType = "com.apple.product-type.bundle.ui-testing";
		};
/* End PBXNativeTarget section */

/* Begin PBXProject section */
		FF40E346235F1F9E00CDE31F /* Project object */ = {
			isa = PBXProject;
			attributes = {
				LastSwiftUpdateCheck = 1110;
				LastUpgradeCheck = 1110;
				ORGANIZATIONNAME = "Markus Dreyer";
				TargetAttributes = {
					FF40E34D235F1F9E00CDE31F = {
						CreatedOnToolsVersion = 11.1;
					};
					FF40E366235F1FA000CDE31F = {
						CreatedOnToolsVersion = 11.1;
						TestTargetID = FF40E34D235F1F9E00CDE31F;
					};
					FF40E371235F1FA000CDE31F = {
						CreatedOnToolsVersion = 11.1;
						TestTargetID = FF40E34D235F1F9E00CDE31F;
					};
				};
			};
			buildConfigurationList = FF40E349235F1F9E00CDE31F /* Build configuration list for PBXProject "audiotaste" */;
			compatibilityVersion = "Xcode 9.3";
			developmentRegion = en;
			hasScannedForEncodings = 0;
			knownRegions = (
				en,
				Base,
			);
			mainGroup = FF40E345235F1F9E00CDE31F;
			productRefGroup = FF40E34F235F1F9E00CDE31F /* Products */;
			projectDirPath = "";
			projectRoot = "";
			targets = (
				FF40E34D235F1F9E00CDE31F /* audiotaste */,
				FF40E366235F1FA000CDE31F /* audiotasteTests */,
				FF40E371235F1FA000CDE31F /* audiotasteUITests */,
			);
		};
/* End PBXProject section */

/* Begin PBXResourcesBuildPhase section */
		FF40E34C235F1F9E00CDE31F /* Resources */ = {
			isa = PBXResourcesBuildPhase;
			buildActionMask = 2147483647;
			files = (
				FF48C055235F39D800D408F5 /* Toplist.storyboard in Resources */,
				FF40E361235F1FA000CDE31F /* LaunchScreen.storyboard in Resources */,
				157D4C2D2396B16B00278869 /* Favorites.storyboard in Resources */,
				FF40E35E235F1FA000CDE31F /* Assets.xcassets in Resources */,
				FF40E359235F1F9E00CDE31F /* Main.storyboard in Resources */,
				FF48C058235F39ED00D408F5 /* Search.storyboard in Resources */,
			);
			runOnlyForDeploymentPostprocessing = 0;
		};
		FF40E365235F1FA000CDE31F /* Resources */ = {
			isa = PBXResourcesBuildPhase;
			buildActionMask = 2147483647;
			files = (
			);
			runOnlyForDeploymentPostprocessing = 0;
		};
		FF40E370235F1FA000CDE31F /* Resources */ = {
			isa = PBXResourcesBuildPhase;
			buildActionMask = 2147483647;
			files = (
			);
			runOnlyForDeploymentPostprocessing = 0;
		};
/* End PBXResourcesBuildPhase section */

/* Begin PBXShellScriptBuildPhase section */
		0884BB1EB202171BC6300280 /* [CP] Check Pods Manifest.lock */ = {
			isa = PBXShellScriptBuildPhase;
			buildActionMask = 2147483647;
			files = (
			);
			inputFileListPaths = (
			);
			inputPaths = (
				"${PODS_PODFILE_DIR_PATH}/Podfile.lock",
				"${PODS_ROOT}/Manifest.lock",
			);
			name = "[CP] Check Pods Manifest.lock";
			outputFileListPaths = (
			);
			outputPaths = (
				"$(DERIVED_FILE_DIR)/Pods-audiotaste-checkManifestLockResult.txt",
			);
			runOnlyForDeploymentPostprocessing = 0;
			shellPath = /bin/sh;
			shellScript = "diff \"${PODS_PODFILE_DIR_PATH}/Podfile.lock\" \"${PODS_ROOT}/Manifest.lock\" > /dev/null\nif [ $? != 0 ] ; then\n    # print error to STDERR\n    echo \"error: The sandbox is not in sync with the Podfile.lock. Run 'pod install' or update your CocoaPods installation.\" >&2\n    exit 1\nfi\n# This output is used by Xcode 'outputs' to avoid re-running this script phase.\necho \"SUCCESS\" > \"${SCRIPT_OUTPUT_FILE_0}\"\n";
			showEnvVarsInLog = 0;
		};
		46615A49D4576A34D220E7C0 /* [CP] Embed Pods Frameworks */ = {
			isa = PBXShellScriptBuildPhase;
			buildActionMask = 2147483647;
			files = (
			);
			inputFileListPaths = (
				"${PODS_ROOT}/Target Support Files/Pods-audiotaste/Pods-audiotaste-frameworks-${CONFIGURATION}-input-files.xcfilelist",
			);
			name = "[CP] Embed Pods Frameworks";
			outputFileListPaths = (
				"${PODS_ROOT}/Target Support Files/Pods-audiotaste/Pods-audiotaste-frameworks-${CONFIGURATION}-output-files.xcfilelist",
			);
			runOnlyForDeploymentPostprocessing = 0;
			shellPath = /bin/sh;
			shellScript = "\"${PODS_ROOT}/Target Support Files/Pods-audiotaste/Pods-audiotaste-frameworks.sh\"\n";
			showEnvVarsInLog = 0;
		};
		79D39A127B00448112A19AAF /* [CP] Embed Pods Frameworks */ = {
			isa = PBXShellScriptBuildPhase;
			buildActionMask = 2147483647;
			files = (
			);
			inputFileListPaths = (
				"${PODS_ROOT}/Target Support Files/Pods-audiotaste-audiotasteUITests/Pods-audiotaste-audiotasteUITests-frameworks-${CONFIGURATION}-input-files.xcfilelist",
			);
			name = "[CP] Embed Pods Frameworks";
			outputFileListPaths = (
				"${PODS_ROOT}/Target Support Files/Pods-audiotaste-audiotasteUITests/Pods-audiotaste-audiotasteUITests-frameworks-${CONFIGURATION}-output-files.xcfilelist",
			);
			runOnlyForDeploymentPostprocessing = 0;
			shellPath = /bin/sh;
			shellScript = "\"${PODS_ROOT}/Target Support Files/Pods-audiotaste-audiotasteUITests/Pods-audiotaste-audiotasteUITests-frameworks.sh\"\n";
			showEnvVarsInLog = 0;
		};
		B84B09029AF49B0F90ED7F1A /* [CP] Check Pods Manifest.lock */ = {
			isa = PBXShellScriptBuildPhase;
			buildActionMask = 2147483647;
			files = (
			);
			inputFileListPaths = (
			);
			inputPaths = (
				"${PODS_PODFILE_DIR_PATH}/Podfile.lock",
				"${PODS_ROOT}/Manifest.lock",
			);
			name = "[CP] Check Pods Manifest.lock";
			outputFileListPaths = (
			);
			outputPaths = (
				"$(DERIVED_FILE_DIR)/Pods-audiotaste-audiotasteUITests-checkManifestLockResult.txt",
			);
			runOnlyForDeploymentPostprocessing = 0;
			shellPath = /bin/sh;
			shellScript = "diff \"${PODS_PODFILE_DIR_PATH}/Podfile.lock\" \"${PODS_ROOT}/Manifest.lock\" > /dev/null\nif [ $? != 0 ] ; then\n    # print error to STDERR\n    echo \"error: The sandbox is not in sync with the Podfile.lock. Run 'pod install' or update your CocoaPods installation.\" >&2\n    exit 1\nfi\n# This output is used by Xcode 'outputs' to avoid re-running this script phase.\necho \"SUCCESS\" > \"${SCRIPT_OUTPUT_FILE_0}\"\n";
			showEnvVarsInLog = 0;
		};
		BD2C097048540738A9B207FA /* [CP] Check Pods Manifest.lock */ = {
			isa = PBXShellScriptBuildPhase;
			buildActionMask = 2147483647;
			files = (
			);
			inputFileListPaths = (
			);
			inputPaths = (
				"${PODS_PODFILE_DIR_PATH}/Podfile.lock",
				"${PODS_ROOT}/Manifest.lock",
			);
			name = "[CP] Check Pods Manifest.lock";
			outputFileListPaths = (
			);
			outputPaths = (
				"$(DERIVED_FILE_DIR)/Pods-audiotasteTests-checkManifestLockResult.txt",
			);
			runOnlyForDeploymentPostprocessing = 0;
			shellPath = /bin/sh;
			shellScript = "diff \"${PODS_PODFILE_DIR_PATH}/Podfile.lock\" \"${PODS_ROOT}/Manifest.lock\" > /dev/null\nif [ $? != 0 ] ; then\n    # print error to STDERR\n    echo \"error: The sandbox is not in sync with the Podfile.lock. Run 'pod install' or update your CocoaPods installation.\" >&2\n    exit 1\nfi\n# This output is used by Xcode 'outputs' to avoid re-running this script phase.\necho \"SUCCESS\" > \"${SCRIPT_OUTPUT_FILE_0}\"\n";
			showEnvVarsInLog = 0;
		};
/* End PBXShellScriptBuildPhase section */

/* Begin PBXSourcesBuildPhase section */
		FF40E34A235F1F9E00CDE31F /* Sources */ = {
			isa = PBXSourcesBuildPhase;
			buildActionMask = 2147483647;
			files = (
				FF40E356235F1F9E00CDE31F /* ViewController.swift in Sources */,
				FF48C05C235F3AA000D408F5 /* SearchViewController.swift in Sources */,
				FF40E352235F1F9E00CDE31F /* AppDelegate.swift in Sources */,
				FF40E387235F2B0900CDE31F /* ToplistViewController.swift in Sources */,
				15613C00238ECC2A00D83534 /* CollectionViewCell.swift in Sources */,
				157D4C2B239684CB00278869 /* Favorites_Track+CoreDataProperties.swift in Sources */,
				15E8454C239D1EC80084B400 /* RecommendedCollectionViewCell.swift in Sources */,
				FF48C060235F40E600D408F5 /* Album.swift in Sources */,
				FFAC3D1B2365D2A500F56685 /* TableViewCell.swift in Sources */,
				FF48C05E235F3AC300D408F5 /* FavoritesViewController.swift in Sources */,
				15E8454E239D2DE70084B400 /* Recommendation.swift in Sources */,
				157D4C2A239684CB00278869 /* Favorites_Track+CoreDataClass.swift in Sources */,
				FFAC3D1D2366FC1B00F56685 /* DetailViewController.swift in Sources */,
				FFAC3D1F2367067000F56685 /* DetailViewTableViewCell.swift in Sources */,
				FF40E35C235F1F9E00CDE31F /* audiotaste.xcdatamodeld in Sources */,
				15613BFC238E96C500D83534 /* APIRequest.swift in Sources */,
				157D4C302396D4A400278869 /* FavoritesTableViewCell.swift in Sources */,
				FF40E354235F1F9E00CDE31F /* SceneDelegate.swift in Sources */,
				1561EFCB2392CC0E00FBEF39 /* Track.swift in Sources */,
			);
			runOnlyForDeploymentPostprocessing = 0;
		};
		FF40E363235F1FA000CDE31F /* Sources */ = {
			isa = PBXSourcesBuildPhase;
			buildActionMask = 2147483647;
			files = (
				FF40E36C235F1FA000CDE31F /* audiotasteTests.swift in Sources */,
			);
			runOnlyForDeploymentPostprocessing = 0;
		};
		FF40E36E235F1FA000CDE31F /* Sources */ = {
			isa = PBXSourcesBuildPhase;
			buildActionMask = 2147483647;
			files = (
				FF40E377235F1FA000CDE31F /* audiotasteUITests.swift in Sources */,
			);
			runOnlyForDeploymentPostprocessing = 0;
		};
/* End PBXSourcesBuildPhase section */

/* Begin PBXTargetDependency section */
		FF40E369235F1FA000CDE31F /* PBXTargetDependency */ = {
			isa = PBXTargetDependency;
			target = FF40E34D235F1F9E00CDE31F /* audiotaste */;
			targetProxy = FF40E368235F1FA000CDE31F /* PBXContainerItemProxy */;
		};
		FF40E374235F1FA000CDE31F /* PBXTargetDependency */ = {
			isa = PBXTargetDependency;
			target = FF40E34D235F1F9E00CDE31F /* audiotaste */;
			targetProxy = FF40E373235F1FA000CDE31F /* PBXContainerItemProxy */;
		};
/* End PBXTargetDependency section */

/* Begin PBXVariantGroup section */
		FF40E357235F1F9E00CDE31F /* Main.storyboard */ = {
			isa = PBXVariantGroup;
			children = (
				FF40E358235F1F9E00CDE31F /* Base */,
			);
			name = Main.storyboard;
			sourceTree = "<group>";
		};
		FF40E35F235F1FA000CDE31F /* LaunchScreen.storyboard */ = {
			isa = PBXVariantGroup;
			children = (
				FF40E360235F1FA000CDE31F /* Base */,
			);
			name = LaunchScreen.storyboard;
			sourceTree = "<group>";
		};
		FF48C056235F39ED00D408F5 /* Search.storyboard */ = {
			isa = PBXVariantGroup;
			children = (
				FF48C057235F39ED00D408F5 /* Base */,
			);
			name = Search.storyboard;
			sourceTree = "<group>";
		};
/* End PBXVariantGroup section */

/* Begin XCBuildConfiguration section */
		FF40E379235F1FA000CDE31F /* Debug */ = {
			isa = XCBuildConfiguration;
			buildSettings = {
				ALWAYS_SEARCH_USER_PATHS = NO;
				CLANG_ANALYZER_NONNULL = YES;
				CLANG_ANALYZER_NUMBER_OBJECT_CONVERSION = YES_AGGRESSIVE;
				CLANG_CXX_LANGUAGE_STANDARD = "gnu++14";
				CLANG_CXX_LIBRARY = "libc++";
				CLANG_ENABLE_MODULES = YES;
				CLANG_ENABLE_OBJC_ARC = YES;
				CLANG_ENABLE_OBJC_WEAK = YES;
				CLANG_WARN_BLOCK_CAPTURE_AUTORELEASING = YES;
				CLANG_WARN_BOOL_CONVERSION = YES;
				CLANG_WARN_COMMA = YES;
				CLANG_WARN_CONSTANT_CONVERSION = YES;
				CLANG_WARN_DEPRECATED_OBJC_IMPLEMENTATIONS = YES;
				CLANG_WARN_DIRECT_OBJC_ISA_USAGE = YES_ERROR;
				CLANG_WARN_DOCUMENTATION_COMMENTS = YES;
				CLANG_WARN_EMPTY_BODY = YES;
				CLANG_WARN_ENUM_CONVERSION = YES;
				CLANG_WARN_INFINITE_RECURSION = YES;
				CLANG_WARN_INT_CONVERSION = YES;
				CLANG_WARN_NON_LITERAL_NULL_CONVERSION = YES;
				CLANG_WARN_OBJC_IMPLICIT_RETAIN_SELF = YES;
				CLANG_WARN_OBJC_LITERAL_CONVERSION = YES;
				CLANG_WARN_OBJC_ROOT_CLASS = YES_ERROR;
				CLANG_WARN_RANGE_LOOP_ANALYSIS = YES;
				CLANG_WARN_STRICT_PROTOTYPES = YES;
				CLANG_WARN_SUSPICIOUS_MOVE = YES;
				CLANG_WARN_UNGUARDED_AVAILABILITY = YES_AGGRESSIVE;
				CLANG_WARN_UNREACHABLE_CODE = YES;
				CLANG_WARN__DUPLICATE_METHOD_MATCH = YES;
				COPY_PHASE_STRIP = NO;
				DEBUG_INFORMATION_FORMAT = dwarf;
				ENABLE_STRICT_OBJC_MSGSEND = YES;
				ENABLE_TESTABILITY = YES;
				GCC_C_LANGUAGE_STANDARD = gnu11;
				GCC_DYNAMIC_NO_PIC = NO;
				GCC_NO_COMMON_BLOCKS = YES;
				GCC_OPTIMIZATION_LEVEL = 0;
				GCC_PREPROCESSOR_DEFINITIONS = (
					"DEBUG=1",
					"$(inherited)",
				);
				GCC_WARN_64_TO_32_BIT_CONVERSION = YES;
				GCC_WARN_ABOUT_RETURN_TYPE = YES_ERROR;
				GCC_WARN_UNDECLARED_SELECTOR = YES;
				GCC_WARN_UNINITIALIZED_AUTOS = YES_AGGRESSIVE;
				GCC_WARN_UNUSED_FUNCTION = YES;
				GCC_WARN_UNUSED_VARIABLE = YES;
				IPHONEOS_DEPLOYMENT_TARGET = 13.1;
				MTL_ENABLE_DEBUG_INFO = INCLUDE_SOURCE;
				MTL_FAST_MATH = YES;
				ONLY_ACTIVE_ARCH = YES;
				SDKROOT = iphoneos;
				SWIFT_ACTIVE_COMPILATION_CONDITIONS = DEBUG;
				SWIFT_OPTIMIZATION_LEVEL = "-Onone";
			};
			name = Debug;
		};
		FF40E37A235F1FA000CDE31F /* Release */ = {
			isa = XCBuildConfiguration;
			buildSettings = {
				ALWAYS_SEARCH_USER_PATHS = NO;
				CLANG_ANALYZER_NONNULL = YES;
				CLANG_ANALYZER_NUMBER_OBJECT_CONVERSION = YES_AGGRESSIVE;
				CLANG_CXX_LANGUAGE_STANDARD = "gnu++14";
				CLANG_CXX_LIBRARY = "libc++";
				CLANG_ENABLE_MODULES = YES;
				CLANG_ENABLE_OBJC_ARC = YES;
				CLANG_ENABLE_OBJC_WEAK = YES;
				CLANG_WARN_BLOCK_CAPTURE_AUTORELEASING = YES;
				CLANG_WARN_BOOL_CONVERSION = YES;
				CLANG_WARN_COMMA = YES;
				CLANG_WARN_CONSTANT_CONVERSION = YES;
				CLANG_WARN_DEPRECATED_OBJC_IMPLEMENTATIONS = YES;
				CLANG_WARN_DIRECT_OBJC_ISA_USAGE = YES_ERROR;
				CLANG_WARN_DOCUMENTATION_COMMENTS = YES;
				CLANG_WARN_EMPTY_BODY = YES;
				CLANG_WARN_ENUM_CONVERSION = YES;
				CLANG_WARN_INFINITE_RECURSION = YES;
				CLANG_WARN_INT_CONVERSION = YES;
				CLANG_WARN_NON_LITERAL_NULL_CONVERSION = YES;
				CLANG_WARN_OBJC_IMPLICIT_RETAIN_SELF = YES;
				CLANG_WARN_OBJC_LITERAL_CONVERSION = YES;
				CLANG_WARN_OBJC_ROOT_CLASS = YES_ERROR;
				CLANG_WARN_RANGE_LOOP_ANALYSIS = YES;
				CLANG_WARN_STRICT_PROTOTYPES = YES;
				CLANG_WARN_SUSPICIOUS_MOVE = YES;
				CLANG_WARN_UNGUARDED_AVAILABILITY = YES_AGGRESSIVE;
				CLANG_WARN_UNREACHABLE_CODE = YES;
				CLANG_WARN__DUPLICATE_METHOD_MATCH = YES;
				COPY_PHASE_STRIP = NO;
				DEBUG_INFORMATION_FORMAT = "dwarf-with-dsym";
				ENABLE_NS_ASSERTIONS = NO;
				ENABLE_STRICT_OBJC_MSGSEND = YES;
				GCC_C_LANGUAGE_STANDARD = gnu11;
				GCC_NO_COMMON_BLOCKS = YES;
				GCC_WARN_64_TO_32_BIT_CONVERSION = YES;
				GCC_WARN_ABOUT_RETURN_TYPE = YES_ERROR;
				GCC_WARN_UNDECLARED_SELECTOR = YES;
				GCC_WARN_UNINITIALIZED_AUTOS = YES_AGGRESSIVE;
				GCC_WARN_UNUSED_FUNCTION = YES;
				GCC_WARN_UNUSED_VARIABLE = YES;
				IPHONEOS_DEPLOYMENT_TARGET = 13.1;
				MTL_ENABLE_DEBUG_INFO = NO;
				MTL_FAST_MATH = YES;
				SDKROOT = iphoneos;
				SWIFT_COMPILATION_MODE = wholemodule;
				SWIFT_OPTIMIZATION_LEVEL = "-O";
				VALIDATE_PRODUCT = YES;
			};
			name = Release;
		};
		FF40E37C235F1FA000CDE31F /* Debug */ = {
			isa = XCBuildConfiguration;
			baseConfigurationReference = 6B32315AEE9223D016E41A07 /* Pods-audiotaste.debug.xcconfig */;
			buildSettings = {
				ASSETCATALOG_COMPILER_APPICON_NAME = AppIcon;
				CODE_SIGN_STYLE = Automatic;
				DEVELOPMENT_TEAM = TK22VJZW8N;
				INFOPLIST_FILE = audiotaste/Info.plist;
				LD_RUNPATH_SEARCH_PATHS = (
					"$(inherited)",
					"@executable_path/Frameworks",
				);
				PRODUCT_BUNDLE_IDENTIFIER = com.pg5600.audiotaste;
				PRODUCT_NAME = "$(TARGET_NAME)";
				SWIFT_VERSION = 5.0;
				TARGETED_DEVICE_FAMILY = "1,2";
			};
			name = Debug;
		};
		FF40E37D235F1FA000CDE31F /* Release */ = {
			isa = XCBuildConfiguration;
			baseConfigurationReference = 04CC3993D645DD1D3AA9B815 /* Pods-audiotaste.release.xcconfig */;
			buildSettings = {
				ASSETCATALOG_COMPILER_APPICON_NAME = AppIcon;
				CODE_SIGN_STYLE = Automatic;
				DEVELOPMENT_TEAM = TK22VJZW8N;
				INFOPLIST_FILE = audiotaste/Info.plist;
				LD_RUNPATH_SEARCH_PATHS = (
					"$(inherited)",
					"@executable_path/Frameworks",
				);
				PRODUCT_BUNDLE_IDENTIFIER = com.pg5600.audiotaste;
				PRODUCT_NAME = "$(TARGET_NAME)";
				SWIFT_VERSION = 5.0;
				TARGETED_DEVICE_FAMILY = "1,2";
			};
			name = Release;
		};
		FF40E37F235F1FA000CDE31F /* Debug */ = {
			isa = XCBuildConfiguration;
			baseConfigurationReference = 71C7F9BB2CCF457F06CFFB10 /* Pods-audiotasteTests.debug.xcconfig */;
			buildSettings = {
				ALWAYS_EMBED_SWIFT_STANDARD_LIBRARIES = YES;
				BUNDLE_LOADER = "$(TEST_HOST)";
				CODE_SIGN_STYLE = Automatic;
				INFOPLIST_FILE = audiotasteTests/Info.plist;
				IPHONEOS_DEPLOYMENT_TARGET = 13.1;
				LD_RUNPATH_SEARCH_PATHS = (
					"$(inherited)",
					"@executable_path/Frameworks",
					"@loader_path/Frameworks",
				);
				PRODUCT_BUNDLE_IDENTIFIER = com.pg5600.audiotasteTests;
				PRODUCT_NAME = "$(TARGET_NAME)";
				SWIFT_VERSION = 5.0;
				TARGETED_DEVICE_FAMILY = "1,2";
				TEST_HOST = "$(BUILT_PRODUCTS_DIR)/audiotaste.app/audiotaste";
			};
			name = Debug;
		};
		FF40E380235F1FA000CDE31F /* Release */ = {
			isa = XCBuildConfiguration;
			baseConfigurationReference = 62DFBCB8400D91D51A3EF057 /* Pods-audiotasteTests.release.xcconfig */;
			buildSettings = {
				ALWAYS_EMBED_SWIFT_STANDARD_LIBRARIES = YES;
				BUNDLE_LOADER = "$(TEST_HOST)";
				CODE_SIGN_STYLE = Automatic;
				INFOPLIST_FILE = audiotasteTests/Info.plist;
				IPHONEOS_DEPLOYMENT_TARGET = 13.1;
				LD_RUNPATH_SEARCH_PATHS = (
					"$(inherited)",
					"@executable_path/Frameworks",
					"@loader_path/Frameworks",
				);
				PRODUCT_BUNDLE_IDENTIFIER = com.pg5600.audiotasteTests;
				PRODUCT_NAME = "$(TARGET_NAME)";
				SWIFT_VERSION = 5.0;
				TARGETED_DEVICE_FAMILY = "1,2";
				TEST_HOST = "$(BUILT_PRODUCTS_DIR)/audiotaste.app/audiotaste";
			};
			name = Release;
		};
		FF40E382235F1FA000CDE31F /* Debug */ = {
			isa = XCBuildConfiguration;
			baseConfigurationReference = 1B43BAAC14F109256CA87500 /* Pods-audiotaste-audiotasteUITests.debug.xcconfig */;
			buildSettings = {
				ALWAYS_EMBED_SWIFT_STANDARD_LIBRARIES = YES;
				CODE_SIGN_STYLE = Automatic;
				INFOPLIST_FILE = audiotasteUITests/Info.plist;
				LD_RUNPATH_SEARCH_PATHS = (
					"$(inherited)",
					"@executable_path/Frameworks",
					"@loader_path/Frameworks",
				);
				PRODUCT_BUNDLE_IDENTIFIER = com.pg5600.audiotasteUITests;
				PRODUCT_NAME = "$(TARGET_NAME)";
				SWIFT_VERSION = 5.0;
				TARGETED_DEVICE_FAMILY = "1,2";
				TEST_TARGET_NAME = audiotaste;
			};
			name = Debug;
		};
		FF40E383235F1FA000CDE31F /* Release */ = {
			isa = XCBuildConfiguration;
			baseConfigurationReference = DD68BC309F663B5917360C0E /* Pods-audiotaste-audiotasteUITests.release.xcconfig */;
			buildSettings = {
				ALWAYS_EMBED_SWIFT_STANDARD_LIBRARIES = YES;
				CODE_SIGN_STYLE = Automatic;
				INFOPLIST_FILE = audiotasteUITests/Info.plist;
				LD_RUNPATH_SEARCH_PATHS = (
					"$(inherited)",
					"@executable_path/Frameworks",
					"@loader_path/Frameworks",
				);
				PRODUCT_BUNDLE_IDENTIFIER = com.pg5600.audiotasteUITests;
				PRODUCT_NAME = "$(TARGET_NAME)";
				SWIFT_VERSION = 5.0;
				TARGETED_DEVICE_FAMILY = "1,2";
				TEST_TARGET_NAME = audiotaste;
			};
			name = Release;
		};
/* End XCBuildConfiguration section */

/* Begin XCConfigurationList section */
		FF40E349235F1F9E00CDE31F /* Build configuration list for PBXProject "audiotaste" */ = {
			isa = XCConfigurationList;
			buildConfigurations = (
				FF40E379235F1FA000CDE31F /* Debug */,
				FF40E37A235F1FA000CDE31F /* Release */,
			);
			defaultConfigurationIsVisible = 0;
			defaultConfigurationName = Release;
		};
		FF40E37B235F1FA000CDE31F /* Build configuration list for PBXNativeTarget "audiotaste" */ = {
			isa = XCConfigurationList;
			buildConfigurations = (
				FF40E37C235F1FA000CDE31F /* Debug */,
				FF40E37D235F1FA000CDE31F /* Release */,
			);
			defaultConfigurationIsVisible = 0;
			defaultConfigurationName = Release;
		};
		FF40E37E235F1FA000CDE31F /* Build configuration list for PBXNativeTarget "audiotasteTests" */ = {
			isa = XCConfigurationList;
			buildConfigurations = (
				FF40E37F235F1FA000CDE31F /* Debug */,
				FF40E380235F1FA000CDE31F /* Release */,
			);
			defaultConfigurationIsVisible = 0;
			defaultConfigurationName = Release;
		};
		FF40E381235F1FA000CDE31F /* Build configuration list for PBXNativeTarget "audiotasteUITests" */ = {
			isa = XCConfigurationList;
			buildConfigurations = (
				FF40E382235F1FA000CDE31F /* Debug */,
				FF40E383235F1FA000CDE31F /* Release */,
			);
			defaultConfigurationIsVisible = 0;
			defaultConfigurationName = Release;
		};
/* End XCConfigurationList section */

/* Begin XCVersionGroup section */
		FF40E35A235F1F9E00CDE31F /* audiotaste.xcdatamodeld */ = {
			isa = XCVersionGroup;
			children = (
				FF40E35B235F1F9E00CDE31F /* audiotaste.xcdatamodel */,
			);
			currentVersion = FF40E35B235F1F9E00CDE31F /* audiotaste.xcdatamodel */;
			path = audiotaste.xcdatamodeld;
			sourceTree = "<group>";
			versionGroupType = wrapper.xcdatamodel;
		};
/* End XCVersionGroup section */
	};
	rootObject = FF40E346235F1F9E00CDE31F /* Project object */;
}
